
Microsoft Visual Studio Solution File, Format Version 12.00
# Visual Studio 2013
VisualStudioVersion = 12.0.30110.0
MinimumVisualStudioVersion = 10.0.40219.1
Project("{FAE04EC0-301F-11D3-BF4B-00C04F79EFBC}") = "Dona.DataTablesServerSide", "Dona.DataTablesServerSide\Dona.DataTablesServerSide.csproj", "{CE8463F4-F091-462C-94E3-54AC3A5A7EA9}"
EndProject
Global
	GlobalSection(SolutionConfigurationPlatforms) = preSolution
		Debug|Any CPU = Debug|Any CPU
		Release|Any CPU = Release|Any CPU
	EndGlobalSection
	GlobalSection(ProjectConfigurationPlatforms) = postSolution
		{CE8463F4-F091-462C-94E3-54AC3A5A7EA9}.Debug|Any CPU.ActiveCfg = Debug|Any CPU
		{CE8463F4-F091-462C-94E3-54AC3A5A7EA9}.Debug|Any CPU.Build.0 = Debug|Any CPU
		{CE8463F4-F091-462C-94E3-54AC3A5A7EA9}.Release|Any CPU.ActiveCfg = Release|Any CPU
		{CE8463F4-F091-462C-94E3-54AC3A5A7EA9}.Release|Any CPU.Build.0 = Release|Any CPU
	EndGlobalSection
	GlobalSection(SolutionProperties) = preSolution
		HideSolutionNode = FALSE
	EndGlobalSection
EndGlobal
